github.com/gobeam/stringy v0.0.5/go.mod h1:W3620X9dJHf2FSZF5fRnWekHcHQjwmCz8ZQ2d1qloqE=
github.com/joho/godotenv v1.4.0 h1:3l4+N6zfMWnkbPEXKng2o2/MR5mSwTrBih4ZEkkz1lg=
github.com/joho/godotenv v1.4.0/go.mod h1:f4LDr5Voq0i2e/R5DDNOoa2zzDfwtkZa6DnEwAbqwq4=
github.com/phpdave11/gofpdi v1.0.11 h1:wsBNx+3S0wy1dEp6fzv281S74ogZGgIdYWV2PugWgho=
github.com/phpdave11/gofpdi v1.0.11/go.mod h1:vBmVV0Do6hSBHC8uKUQ71JGW+ZGQq74llk/7bXwjDoI=
github.com/pkg/errors v0.8.1 h1:iURUrRGxPUNPdy5/HRSm+Yj6okJ6UtLINN0Q9M4+h3I=
github.com/pkg/errors v0.8.1/go.mod h1:bwawxfHBFNV+L2hUp1rHADufV3IMtnDRdf1r5NINEl0=
github.com/sendgrid/rest v2.6.9+incompatible h1:1EyIcsNdn9KIisLW50MKwmSRSK+ekueiEMJ7NEoxJo0=
github.com/sendgrid/rest v2.6.9+incompatible/go.mod h1:kXX7q3jZtJXK5c5qK83bSGMdV6tsOE70KbHoqJls4lE=
github.com/sendgrid/sendgrid-go v3.12.0+incompatible h1:/N2vx18Fg1KmQOh6zESc5FJB8pYwt5QFBDflYPh1KVg=
github.com/sendgrid/sendgrid-go v3.12.0+incompatible/go.mod h1:QRQt+LX/NmgVEvmdRw0VT/QgUn499+iza2FnDca9fg8=
github.com/signintech/gopdf v0.15.0 h1:oZ3dJYUjGvZ/nOaXRFRZBbHVLH5IvjAliHFZVMiy7ZM=
github.com/signintech/gopdf v0.15.0/go.mod h1:a+E8HlIuBwghPyoo7UaoB5UaL7zklDzmYVIAHoW/Rlw=
